
Microsoft Visual Studio Solution File, Format Version 12.00
# Visual Studio Version 16
VisualStudioVersion = 16.0.30503.244
MinimumVisualStudioVersion = 10.0.40219.1
Project("{FAE04EC0-301F-11D3-BF4B-00C04F79EFBC}") = "DataStructures", "DataStructures.csproj", "{B854A9CE-82BE-46CF-A562-09B9BA5D1ED0}"
EndProject
Global
	GlobalSection(SolutionConfigurationPlatforms) = preSolution
		Debug|Any CPU = Debug|Any CPU
		Release|Any CPU = Release|Any CPU
	EndGlobalSection
	GlobalSection(ProjectConfigurationPlatforms) = postSolution
		{B854A9CE-82BE-46CF-A562-09B9BA5D1ED0}.Debug|Any CPU.ActiveCfg = Debug|Any CPU
		{B854A9CE-82BE-46CF-A562-09B9BA5D1ED0}.Debug|Any CPU.Build.0 = Debug|Any CPU
		{B854A9CE-82BE-46CF-A562-09B9BA5D1ED0}.Release|Any CPU.ActiveCfg = Release|Any CPU
		{B854A9CE-82BE-46CF-A562-09B9BA5D1ED0}.Release|Any CPU.Build.0 = Release|Any CPU
	EndGlobalSection
	GlobalSection(SolutionProperties) = preSolution
		HideSolutionNode = FALSE
	EndGlobalSection
	GlobalSection(ExtensibilityGlobals) = postSolution
		SolutionGuid = {531D8B8F-CF5A-4A97-B724-6E45E8C23FF1}
	EndGlobalSection
EndGlobal
